
Microsoft Visual Studio Solution File, Format Version 12.00
# Visual Studio Version 17
VisualStudioVersion = 17.1.32319.34
MinimumVisualStudioVersion = 10.0.40219.1
Project("{FAE04EC0-301F-11D3-BF4B-00C04F79EFBC}") = "My_EWallet", "My_EWallet\My_EWallet.csproj", "{89A02111-B601-406F-B52F-A67673DE647D}"
EndProject
Global
	GlobalSection(SolutionConfigurationPlatforms) = preSolution
		Debug|Any CPU = Debug|Any CPU
		Release|Any CPU = Release|Any CPU
	EndGlobalSection
	GlobalSection(ProjectConfigurationPlatforms) = postSolution
		{89A02111-B601-406F-B52F-A67673DE647D}.Debug|Any CPU.ActiveCfg = Debug|Any CPU
		{89A02111-B601-406F-B52F-A67673DE647D}.Debug|Any CPU.Build.0 = Debug|Any CPU
		{89A02111-B601-406F-B52F-A67673DE647D}.Release|Any CPU.ActiveCfg = Release|Any CPU
		{89A02111-B601-406F-B52F-A67673DE647D}.Release|Any CPU.Build.0 = Release|Any CPU
	EndGlobalSection
	GlobalSection(SolutionProperties) = preSolution
		HideSolutionNode = FALSE
	EndGlobalSection
	GlobalSection(ExtensibilityGlobals) = postSolution
		SolutionGuid = {A14AF7C3-13F7-4C02-82BC-C1710C6C1A9B}
	EndGlobalSection
EndGlobal
